
Microsoft Visual Studio Solution File, Format Version 12.00
# Visual Studio Version 17
VisualStudioVersion = 17.8.34330.188
MinimumVisualStudioVersion = 10.0.40219.1
Project("{9A19103F-16F7-4668-BE54-9A1E7A4F7556}") = "Stulio", "StulioApp\Stulio.csproj", "{C00498DD-F116-4760-B43C-9133CE55520E}"
EndProject
Project("{9A19103F-16F7-4668-BE54-9A1E7A4F7556}") = "StulioWebAPI", "StulioWebApi\StulioWebAPI.csproj", "{7D1C3E1A-BE29-4EDF-AF70-F02B8F374C44}"
EndProject
Global
	GlobalSection(SolutionConfigurationPlatforms) = preSolution
		Debug|Any CPU = Debug|Any CPU
		Release|Any CPU = Release|Any CPU
	EndGlobalSection
	GlobalSection(ProjectConfigurationPlatforms) = postSolution
		{C00498DD-F116-4760-B43C-9133CE55520E}.Debug|Any CPU.ActiveCfg = Debug|Any CPU
		{C00498DD-F116-4760-B43C-9133CE55520E}.Debug|Any CPU.Build.0 = Debug|Any CPU
		{C00498DD-F116-4760-B43C-9133CE55520E}.Debug|Any CPU.Deploy.0 = Debug|Any CPU
		{C00498DD-F116-4760-B43C-9133CE55520E}.Release|Any CPU.ActiveCfg = Release|Any CPU
		{C00498DD-F116-4760-B43C-9133CE55520E}.Release|Any CPU.Build.0 = Release|Any CPU
		{C00498DD-F116-4760-B43C-9133CE55520E}.Release|Any CPU.Deploy.0 = Release|Any CPU
		{7D1C3E1A-BE29-4EDF-AF70-F02B8F374C44}.Debug|Any CPU.ActiveCfg = Debug|Any CPU
		{7D1C3E1A-BE29-4EDF-AF70-F02B8F374C44}.Debug|Any CPU.Build.0 = Debug|Any CPU
		{7D1C3E1A-BE29-4EDF-AF70-F02B8F374C44}.Release|Any CPU.ActiveCfg = Release|Any CPU
		{7D1C3E1A-BE29-4EDF-AF70-F02B8F374C44}.Release|Any CPU.Build.0 = Release|Any CPU
	EndGlobalSection
	GlobalSection(SolutionProperties) = preSolution
		HideSolutionNode = FALSE
	EndGlobalSection
	GlobalSection(ExtensibilityGlobals) = postSolution
		SolutionGuid = {BA6A267E-69B4-4809-B851-68670CEDBA0B}
	EndGlobalSection
EndGlobal
